
Microsoft Visual Studio Solution File, Format Version 12.00
# Visual Studio Version 17
VisualStudioVersion = 17.4.33122.133
MinimumVisualStudioVersion = 10.0.40219.1
Project("{9A19103F-16F7-4668-BE54-9A1E7A4F7556}") = "BurnManager", "BurnManager\BurnManager.csproj", "{C0953C7E-704E-45AC-9201-380F3897A274}"
EndProject
Project("{9A19103F-16F7-4668-BE54-9A1E7A4F7556}") = "Boilerplate", "Boilerplate\Boilerplate.csproj", "{A67ACF26-34DA-41F3-8F6D-A95F9C8C177A}"
EndProject
Project("{FAE04EC0-301F-11D3-BF4B-00C04F79EFBC}") = "BurnManagerFront", "BurnManagerFront\BurnManagerFront.csproj", "{5DC3E3EB-037E-4C8F-8BB3-AAC7836B0A0A}"
EndProject
Global
	GlobalSection(SolutionConfigurationPlatforms) = preSolution
		Debug|Any CPU = Debug|Any CPU
		Release|Any CPU = Release|Any CPU
	EndGlobalSection
	GlobalSection(ProjectConfigurationPlatforms) = postSolution
		{C0953C7E-704E-45AC-9201-380F3897A274}.Debug|Any CPU.ActiveCfg = Debug|Any CPU
		{C0953C7E-704E-45AC-9201-380F3897A274}.Debug|Any CPU.Build.0 = Debug|Any CPU
		{C0953C7E-704E-45AC-9201-380F3897A274}.Release|Any CPU.ActiveCfg = Release|Any CPU
		{C0953C7E-704E-45AC-9201-380F3897A274}.Release|Any CPU.Build.0 = Release|Any CPU
		{A67ACF26-34DA-41F3-8F6D-A95F9C8C177A}.Debug|Any CPU.ActiveCfg = Debug|Any CPU
		{A67ACF26-34DA-41F3-8F6D-A95F9C8C177A}.Debug|Any CPU.Build.0 = Debug|Any CPU
		{A67ACF26-34DA-41F3-8F6D-A95F9C8C177A}.Release|Any CPU.ActiveCfg = Release|Any CPU
		{A67ACF26-34DA-41F3-8F6D-A95F9C8C177A}.Release|Any CPU.Build.0 = Release|Any CPU
		{5DC3E3EB-037E-4C8F-8BB3-AAC7836B0A0A}.Debug|Any CPU.ActiveCfg = Debug|Any CPU
		{5DC3E3EB-037E-4C8F-8BB3-AAC7836B0A0A}.Debug|Any CPU.Build.0 = Debug|Any CPU
		{5DC3E3EB-037E-4C8F-8BB3-AAC7836B0A0A}.Release|Any CPU.ActiveCfg = Release|Any CPU
		{5DC3E3EB-037E-4C8F-8BB3-AAC7836B0A0A}.Release|Any CPU.Build.0 = Release|Any CPU
	EndGlobalSection
	GlobalSection(SolutionProperties) = preSolution
		HideSolutionNode = FALSE
	EndGlobalSection
	GlobalSection(ExtensibilityGlobals) = postSolution
		SolutionGuid = {913E69E7-CFCA-42A0-8F01-0ECE202AEA40}
	EndGlobalSection
EndGlobal
